// !$*UTF8*$!
{
	archiveVersion = 1;
	classes = {
	};
	objectVersion = 56;
	objects = {

/* Begin PBXBuildFile section */
		F5AF276F2CACF98300F185E7 /* StockViewerApp.swift in Sources */ = {isa = PBXBuildFile; fileRef = F5AF276E2CACF98300F185E7 /* StockViewerApp.swift */; };
		F5AF27712CACF98300F185E7 /* ContentView.swift in Sources */ = {isa = PBXBuildFile; fileRef = F5AF27702CACF98300F185E7 /* ContentView.swift */; };
		F5AF27732CACF98300F185E7 /* Assets.xcassets in Resources */ = {isa = PBXBuildFile; fileRef = F5AF27722CACF98300F185E7 /* Assets.xcassets */; };
		F5AF27762CACF98300F185E7 /* Preview Assets.xcassets in Resources */ = {isa = PBXBuildFile; fileRef = F5AF27752CACF98300F185E7 /* Preview Assets.xcassets */; };
		F5AF27A52CAD928E00F185E7 /* CurrencyModel.swift in Sources */ = {isa = PBXBuildFile; fileRef = F5AF27852CAD928E00F185E7 /* CurrencyModel.swift */; };
		F5AF27A62CAD928E00F185E7 /* ForexExchangeModel.swift in Sources */ = {isa = PBXBuildFile; fileRef = F5AF27862CAD928E00F185E7 /* ForexExchangeModel.swift */; };
		F5AF27A72CAD928E00F185E7 /* ForexExchangePolyModel.swift in Sources */ = {isa = PBXBuildFile; fileRef = F5AF27872CAD928E00F185E7 /* ForexExchangePolyModel.swift */; };
		F5AF27A82CAD928E00F185E7 /* IntraDay.swift in Sources */ = {isa = PBXBuildFile; fileRef = F5AF27882CAD928E00F185E7 /* IntraDay.swift */; };
		F5AF27A92CAD928E00F185E7 /* NewsSentimentModel.swift in Sources */ = {isa = PBXBuildFile; fileRef = F5AF27892CAD928E00F185E7 /* NewsSentimentModel.swift */; };
		F5AF27AA2CAD928E00F185E7 /* SearchSym.swift in Sources */ = {isa = PBXBuildFile; fileRef = F5AF278A2CAD928E00F185E7 /* SearchSym.swift */; };
		F5AF27AB2CAD928E00F185E7 /* TopTraded.swift in Sources */ = {isa = PBXBuildFile; fileRef = F5AF278B2CAD928E00F185E7 /* TopTraded.swift */; };
		F5AF27AC2CAD928E00F185E7 /* Ticker.swift in Sources */ = {isa = PBXBuildFile; fileRef = F5AF278D2CAD928E00F185E7 /* Ticker.swift */; };
		F5AF27AD2CAD928E00F185E7 /* ForexView.swift in Sources */ = {isa = PBXBuildFile; fileRef = F5AF278F2CAD928E00F185E7 /* ForexView.swift */; };
		F5AF27AE2CAD928E00F185E7 /* NewsView.swift in Sources */ = {isa = PBXBuildFile; fileRef = F5AF27902CAD928E00F185E7 /* NewsView.swift */; };
		F5AF27AF2CAD928E00F185E7 /* TickerDetailView.swift in Sources */ = {isa = PBXBuildFile; fileRef = F5AF27912CAD928E00F185E7 /* TickerDetailView.swift */; };
		F5AF27B02CAD928E00F185E7 /* TopSymbols.swift in Sources */ = {isa = PBXBuildFile; fileRef = F5AF27922CAD928E00F185E7 /* TopSymbols.swift */; };
		F5AF27B12CAD928E00F185E7 /* Helper.swift in Sources */ = {isa = PBXBuildFile; fileRef = F5AF27942CAD928E00F185E7 /* Helper.swift */; };
		F5AF27B22CAD928E00F185E7 /* StockService.swift in Sources */ = {isa = PBXBuildFile; fileRef = F5AF27962CAD928E00F185E7 /* StockService.swift */; };
		F5AF27B32CAD928E00F185E7 /* ServiceProtocol.swift in Sources */ = {isa = PBXBuildFile; fileRef = F5AF27982CAD928E00F185E7 /* ServiceProtocol.swift */; };
		F5AF27B42CAD928E00F185E7 /* AppNavigation.swift in Sources */ = {isa = PBXBuildFile; fileRef = F5AF279A2CAD928E00F185E7 /* AppNavigation.swift */; };
		F5AF27B52CAD928E00F185E7 /* ForexViewModel.swift in Sources */ = {isa = PBXBuildFile; fileRef = F5AF279C2CAD928E00F185E7 /* ForexViewModel.swift */; };
		F5AF27B62CAD928E00F185E7 /* NewsViewModel.swift in Sources */ = {isa = PBXBuildFile; fileRef = F5AF279D2CAD928E00F185E7 /* NewsViewModel.swift */; };
		F5AF27B72CAD928E00F185E7 /* TickerDetailViewModel.swift in Sources */ = {isa = PBXBuildFile; fileRef = F5AF279E2CAD928E00F185E7 /* TickerDetailViewModel.swift */; };
		F5AF27B82CAD928E00F185E7 /* TickerViewModel.swift in Sources */ = {isa = PBXBuildFile; fileRef = F5AF279F2CAD928E00F185E7 /* TickerViewModel.swift */; };
		F5AF27B92CAD928E00F185E7 /* TopSymbolsViewModel.swift in Sources */ = {isa = PBXBuildFile; fileRef = F5AF27A02CAD928E00F185E7 /* TopSymbolsViewModel.swift */; };
		F5AF27BA2CAD928E00F185E7 /* digital_currency_list.csv in Resources */ = {isa = PBXBuildFile; fileRef = F5AF27A22CAD928E00F185E7 /* digital_currency_list.csv */; };
		F5AF27BB2CAD928E00F185E7 /* physical_currency_list.csv in Resources */ = {isa = PBXBuildFile; fileRef = F5AF27A32CAD928E00F185E7 /* physical_currency_list.csv */; };
/* End PBXBuildFile section */

/* Begin PBXFileReference section */
		F5AF276B2CACF98300F185E7 /* StockViewer.app */ = {isa = PBXFileReference; explicitFileType = wrapper.application; includeInIndex = 0; path = StockViewer.app; sourceTree = BUILT_PRODUCTS_DIR; };
		F5AF276E2CACF98300F185E7 /* StockViewerApp.swift */ = {isa = PBXFileReference; lastKnownFileType = sourcecode.swift; path = StockViewerApp.swift; sourceTree = "<group>"; };
		F5AF27702CACF98300F185E7 /* ContentView.swift */ = {isa = PBXFileReference; lastKnownFileType = sourcecode.swift; path = ContentView.swift; sourceTree = "<group>"; };
		F5AF27722CACF98300F185E7 /* Assets.xcassets */ = {isa = PBXFileReference; lastKnownFileType = folder.assetcatalog; path = Assets.xcassets; sourceTree = "<group>"; };
		F5AF27752CACF98300F185E7 /* Preview Assets.xcassets */ = {isa = PBXFileReference; lastKnownFileType = folder.assetcatalog; path = "Preview Assets.xcassets"; sourceTree = "<group>"; };
		F5AF27852CAD928E00F185E7 /* CurrencyModel.swift */ = {isa = PBXFileReference; fileEncoding = 4; lastKnownFileType = sourcecode.swift; path = CurrencyModel.swift; sourceTree = "<group>"; };
		F5AF27862CAD928E00F185E7 /* ForexExchangeModel.swift */ = {isa = PBXFileReference; fileEncoding = 4; lastKnownFileType = sourcecode.swift; path = ForexExchangeModel.swift; sourceTree = "<group>"; };
		F5AF27872CAD928E00F185E7 /* ForexExchangePolyModel.swift */ = {isa = PBXFileReference; fileEncoding = 4; lastKnownFileType = sourcecode.swift; path = ForexExchangePolyModel.swift; sourceTree = "<group>"; };
		F5AF27882CAD928E00F185E7 /* IntraDay.swift */ = {isa = PBXFileReference; fileEncoding = 4; lastKnownFileType = sourcecode.swift; path = IntraDay.swift; sourceTree = "<group>"; };
		F5AF27892CAD928E00F185E7 /* NewsSentimentModel.swift */ = {isa = PBXFileReference; fileEncoding = 4; lastKnownFileType = sourcecode.swift; path = NewsSentimentModel.swift; sourceTree = "<group>"; };
		F5AF278A2CAD928E00F185E7 /* SearchSym.swift */ = {isa = PBXFileReference; fileEncoding = 4; lastKnownFileType = sourcecode.swift; path = SearchSym.swift; sourceTree = "<group>"; };
		F5AF278B2CAD928E00F185E7 /* TopTraded.swift */ = {isa = PBXFileReference; fileEncoding = 4; lastKnownFileType = sourcecode.swift; path = TopTraded.swift; sourceTree = "<group>"; };
		F5AF278D2CAD928E00F185E7 /* Ticker.swift */ = {isa = PBXFileReference; fileEncoding = 4; lastKnownFileType = sourcecode.swift; path = Ticker.swift; sourceTree = "<group>"; };
		F5AF278F2CAD928E00F185E7 /* ForexView.swift */ = {isa = PBXFileReference; fileEncoding = 4; lastKnownFileType = sourcecode.swift; path = ForexView.swift; sourceTree = "<group>"; };
		F5AF27902CAD928E00F185E7 /* NewsView.swift */ = {isa = PBXFileReference; fileEncoding = 4; lastKnownFileType = sourcecode.swift; path = NewsView.swift; sourceTree = "<group>"; };
		F5AF27912CAD928E00F185E7 /* TickerDetailView.swift */ = {isa = PBXFileReference; fileEncoding = 4; lastKnownFileType = sourcecode.swift; path = TickerDetailView.swift; sourceTree = "<group>"; };
		F5AF27922CAD928E00F185E7 /* TopSymbols.swift */ = {isa = PBXFileReference; fileEncoding = 4; lastKnownFileType = sourcecode.swift; path = TopSymbols.swift; sourceTree = "<group>"; };
		F5AF27942CAD928E00F185E7 /* Helper.swift */ = {isa = PBXFileReference; fileEncoding = 4; lastKnownFileType = sourcecode.swift; path = Helper.swift; sourceTree = "<group>"; };
		F5AF27962CAD928E00F185E7 /* StockService.swift */ = {isa = PBXFileReference; fileEncoding = 4; lastKnownFileType = sourcecode.swift; path = StockService.swift; sourceTree = "<group>"; };
		F5AF27982CAD928E00F185E7 /* ServiceProtocol.swift */ = {isa = PBXFileReference; fileEncoding = 4; lastKnownFileType = sourcecode.swift; path = ServiceProtocol.swift; sourceTree = "<group>"; };
		F5AF279A2CAD928E00F185E7 /* AppNavigation.swift */ = {isa = PBXFileReference; fileEncoding = 4; lastKnownFileType = sourcecode.swift; path = AppNavigation.swift; sourceTree = "<group>"; };
		F5AF279C2CAD928E00F185E7 /* ForexViewModel.swift */ = {isa = PBXFileReference; fileEncoding = 4; lastKnownFileType = sourcecode.swift; path = ForexViewModel.swift; sourceTree = "<group>"; };
		F5AF279D2CAD928E00F185E7 /* NewsViewModel.swift */ = {isa = PBXFileReference; fileEncoding = 4; lastKnownFileType = sourcecode.swift; path = NewsViewModel.swift; sourceTree = "<group>"; };
		F5AF279E2CAD928E00F185E7 /* TickerDetailViewModel.swift */ = {isa = PBXFileReference; fileEncoding = 4; lastKnownFileType = sourcecode.swift; path = TickerDetailViewModel.swift; sourceTree = "<group>"; };
		F5AF279F2CAD928E00F185E7 /* TickerViewModel.swift */ = {isa = PBXFileReference; fileEncoding = 4; lastKnownFileType = sourcecode.swift; path = TickerViewModel.swift; sourceTree = "<group>"; };
		F5AF27A02CAD928E00F185E7 /* TopSymbolsViewModel.swift */ = {isa = PBXFileReference; fileEncoding = 4; lastKnownFileType = sourcecode.swift; path = TopSymbolsViewModel.swift; sourceTree = "<group>"; };
		F5AF27A22CAD928E00F185E7 /* digital_currency_list.csv */ = {isa = PBXFileReference; fileEncoding = 4; lastKnownFileType = text; path = digital_currency_list.csv; sourceTree = "<group>"; };
		F5AF27A32CAD928E00F185E7 /* physical_currency_list.csv */ = {isa = PBXFileReference; fileEncoding = 4; lastKnownFileType = text; path = physical_currency_list.csv; sourceTree = "<group>"; };
		F5AF27E02CAD939300F185E7 /* StockViewer.entitlements */ = {isa = PBXFileReference; fileEncoding = 4; lastKnownFileType = text.plist.entitlements; name = StockViewer.entitlements; path = StockViewer/StockViewer.entitlements; sourceTree = "<group>"; };
/* End PBXFileReference section */

/* Begin PBXFrameworksBuildPhase section */
		F5AF27682CACF98300F185E7 /* Frameworks */ = {
			isa = PBXFrameworksBuildPhase;
			buildActionMask = 2147483647;
			files = (
			);
			runOnlyForDeploymentPostprocessing = 0;
		};
/* End PBXFrameworksBuildPhase section */

/* Begin PBXGroup section */
		F5AF27622CACF98300F185E7 = {
			isa = PBXGroup;
			children = (
				F5AF27E02CAD939300F185E7 /* StockViewer.entitlements */,
				F5AF27A42CAD928E00F185E7 /* Csv File */,
				F5AF27952CAD928E00F185E7 /* Helper */,
				F5AF278C2CAD928E00F185E7 /* Model */,
				F5AF279B2CAD928E00F185E7 /* Navigation */,
				F5AF27992CAD928E00F185E7 /* Protocol */,
				F5AF27972CAD928E00F185E7 /* Services */,
				F5AF278E2CAD928E00F185E7 /* Ticker Symbols */,
				F5AF27932CAD928E00F185E7 /* View */,
				F5AF27A12CAD928E00F185E7 /* ViewModel */,
				F5AF276D2CACF98300F185E7 /* StockViewer */,
				F5AF276C2CACF98300F185E7 /* Products */,
			);
			sourceTree = "<group>";
		};
		F5AF276C2CACF98300F185E7 /* Products */ = {
			isa = PBXGroup;
			children = (
				F5AF276B2CACF98300F185E7 /* StockViewer.app */,
			);
			name = Products;
			sourceTree = "<group>";
		};
		F5AF276D2CACF98300F185E7 /* StockViewer */ = {
			isa = PBXGroup;
			children = (
				F5AF276E2CACF98300F185E7 /* StockViewerApp.swift */,
				F5AF27702CACF98300F185E7 /* ContentView.swift */,
				F5AF27722CACF98300F185E7 /* Assets.xcassets */,
				F5AF27742CACF98300F185E7 /* Preview Content */,
			);
			path = StockViewer;
			sourceTree = "<group>";
		};
		F5AF27742CACF98300F185E7 /* Preview Content */ = {
			isa = PBXGroup;
			children = (
				F5AF27752CACF98300F185E7 /* Preview Assets.xcassets */,
			);
			path = "Preview Content";
			sourceTree = "<group>";
		};
		F5AF278C2CAD928E00F185E7 /* Model */ = {
			isa = PBXGroup;
			children = (
				F5AF27852CAD928E00F185E7 /* CurrencyModel.swift */,
				F5AF27862CAD928E00F185E7 /* ForexExchangeModel.swift */,
				F5AF27872CAD928E00F185E7 /* ForexExchangePolyModel.swift */,
				F5AF27882CAD928E00F185E7 /* IntraDay.swift */,
				F5AF27892CAD928E00F185E7 /* NewsSentimentModel.swift */,
				F5AF278A2CAD928E00F185E7 /* SearchSym.swift */,
				F5AF278B2CAD928E00F185E7 /* TopTraded.swift */,
			);
			name = Model;
			path = StockViewer/Model;
			sourceTree = "<group>";
		};
		F5AF278E2CAD928E00F185E7 /* Ticker Symbols */ = {
			isa = PBXGroup;
			children = (
				F5AF278D2CAD928E00F185E7 /* Ticker.swift */,
			);
			name = "Ticker Symbols";
			path = "StockViewer/Ticker Symbols";
			sourceTree = "<group>";
		};
		F5AF27932CAD928E00F185E7 /* View */ = {
			isa = PBXGroup;
			children = (
				F5AF278F2CAD928E00F185E7 /* ForexView.swift */,
				F5AF27902CAD928E00F185E7 /* NewsView.swift */,
				F5AF27912CAD928E00F185E7 /* TickerDetailView.swift */,
				F5AF27922CAD928E00F185E7 /* TopSymbols.swift */,
			);
			name = View;
			path = StockViewer/View;
			sourceTree = "<group>";
		};
		F5AF27952CAD928E00F185E7 /* Helper */ = {
			isa = PBXGroup;
			children = (
				F5AF27942CAD928E00F185E7 /* Helper.swift */,
			);
			name = Helper;
			path = StockViewer/Helper;
			sourceTree = "<group>";
		};
		F5AF27972CAD928E00F185E7 /* Services */ = {
			isa = PBXGroup;
			children = (
				F5AF27962CAD928E00F185E7 /* StockService.swift */,
			);
			name = Services;
			path = StockViewer/Services;
			sourceTree = "<group>";
		};
		F5AF27992CAD928E00F185E7 /* Protocol */ = {
			isa = PBXGroup;
			children = (
				F5AF27982CAD928E00F185E7 /* ServiceProtocol.swift */,
			);
			name = Protocol;
			path = StockViewer/Protocol;
			sourceTree = "<group>";
		};
		F5AF279B2CAD928E00F185E7 /* Navigation */ = {
			isa = PBXGroup;
			children = (
				F5AF279A2CAD928E00F185E7 /* AppNavigation.swift */,
			);
			name = Navigation;
			path = StockViewer/Navigation;
			sourceTree = "<group>";
		};
		F5AF27A12CAD928E00F185E7 /* ViewModel */ = {
			isa = PBXGroup;
			children = (
				F5AF279C2CAD928E00F185E7 /* ForexViewModel.swift */,
				F5AF279D2CAD928E00F185E7 /* NewsViewModel.swift */,
				F5AF279E2CAD928E00F185E7 /* TickerDetailViewModel.swift */,
				F5AF279F2CAD928E00F185E7 /* TickerViewModel.swift */,
				F5AF27A02CAD928E00F185E7 /* TopSymbolsViewModel.swift */,
			);
			name = ViewModel;
			path = StockViewer/ViewModel;
			sourceTree = "<group>";
		};
		F5AF27A42CAD928E00F185E7 /* Csv File */ = {
			isa = PBXGroup;
			children = (
				F5AF27A22CAD928E00F185E7 /* digital_currency_list.csv */,
				F5AF27A32CAD928E00F185E7 /* physical_currency_list.csv */,
			);
			name = "Csv File";
			path = "StockViewer/Csv File";
			sourceTree = "<group>";
		};
/* End PBXGroup section */

/* Begin PBXNativeTarget section */
		F5AF276A2CACF98300F185E7 /* StockViewer */ = {
			isa = PBXNativeTarget;
			buildConfigurationList = F5AF27792CACF98300F185E7 /* Build configuration list for PBXNativeTarget "StockViewer" */;
			buildPhases = (
				F5AF27672CACF98300F185E7 /* Sources */,
				F5AF27682CACF98300F185E7 /* Frameworks */,
				F5AF27692CACF98300F185E7 /* Resources */,
			);
			buildRules = (
			);
			dependencies = (
			);
			name = StockViewer;
			productName = StockViewer;
			productReference = F5AF276B2CACF98300F185E7 /* StockViewer.app */;
			productType = "com.apple.product-type.application";
		};
/* End PBXNativeTarget section */

/* Begin PBXProject section */
		F5AF27632CACF98300F185E7 /* Project object */ = {
			isa = PBXProject;
			attributes = {
				BuildIndependentTargetsInParallel = 1;
				LastSwiftUpdateCheck = 1540;
				LastUpgradeCheck = 1540;
				TargetAttributes = {
					F5AF276A2CACF98300F185E7 = {
						CreatedOnToolsVersion = 15.4;
					};
				};
			};
			buildConfigurationList = F5AF27662CACF98300F185E7 /* Build configuration list for PBXProject "StockViewer" */;
			compatibilityVersion = "Xcode 14.0";
			developmentRegion = en;
			hasScannedForEncodings = 0;
			knownRegions = (
				en,
				Base,
			);
			mainGroup = F5AF27622CACF98300F185E7;
			productRefGroup = F5AF276C2CACF98300F185E7 /* Products */;
			projectDirPath = "";
			projectRoot = "";
			targets = (
				F5AF276A2CACF98300F185E7 /* StockViewer */,
			);
		};
/* End PBXProject section */

/* Begin PBXResourcesBuildPhase section */
		F5AF27692CACF98300F185E7 /* Resources */ = {
			isa = PBXResourcesBuildPhase;
			buildActionMask = 2147483647;
			files = (
				F5AF27BA2CAD928E00F185E7 /* digital_currency_list.csv in Resources */,
				F5AF27762CACF98300F185E7 /* Preview Assets.xcassets in Resources */,
				F5AF27BB2CAD928E00F185E7 /* physical_currency_list.csv in Resources */,
				F5AF27732CACF98300F185E7 /* Assets.xcassets in Resources */,
			);
			runOnlyForDeploymentPostprocessing = 0;
		};
/* End PBXResourcesBuildPhase section */

/* Begin PBXSourcesBuildPhase section */
		F5AF27672CACF98300F185E7 /* Sources */ = {
			isa = PBXSourcesBuildPhase;
			buildActionMask = 2147483647;
			files = (
				F5AF27B72CAD928E00F185E7 /* TickerDetailViewModel.swift in Sources */,
				F5AF27A92CAD928E00F185E7 /* NewsSentimentModel.swift in Sources */,
				F5AF27B32CAD928E00F185E7 /* ServiceProtocol.swift in Sources */,
				F5AF27B02CAD928E00F185E7 /* TopSymbols.swift in Sources */,
				F5AF27B22CAD928E00F185E7 /* StockService.swift in Sources */,
				F5AF27B12CAD928E00F185E7 /* Helper.swift in Sources */,
				F5AF27AA2CAD928E00F185E7 /* SearchSym.swift in Sources */,
				F5AF27AB2CAD928E00F185E7 /* TopTraded.swift in Sources */,
				F5AF27B62CAD928E00F185E7 /* NewsViewModel.swift in Sources */,
				F5AF27AD2CAD928E00F185E7 /* ForexView.swift in Sources */,
				F5AF27B82CAD928E00F185E7 /* TickerViewModel.swift in Sources */,
				F5AF27712CACF98300F185E7 /* ContentView.swift in Sources */,
				F5AF27A82CAD928E00F185E7 /* IntraDay.swift in Sources */,
				F5AF276F2CACF98300F185E7 /* StockViewerApp.swift in Sources */,
				F5AF27B52CAD928E00F185E7 /* ForexViewModel.swift in Sources */,
				F5AF27A52CAD928E00F185E7 /* CurrencyModel.swift in Sources */,
				F5AF27AC2CAD928E00F185E7 /* Ticker.swift in Sources */,
				F5AF27AE2CAD928E00F185E7 /* NewsView.swift in Sources */,
				F5AF27AF2CAD928E00F185E7 /* TickerDetailView.swift in Sources */,
				F5AF27B42CAD928E00F185E7 /* AppNavigation.swift in Sources */,
				F5AF27B92CAD928E00F185E7 /* TopSymbolsViewModel.swift in Sources */,
				F5AF27A62CAD928E00F185E7 /* ForexExchangeModel.swift in Sources */,
				F5AF27A72CAD928E00F185E7 /* ForexExchangePolyModel.swift in Sources */,
			);
			runOnlyForDeploymentPostprocessing = 0;
		};
/* End PBXSourcesBuildPhase section */

/* Begin XCBuildConfiguration section */
		F5AF27772CACF98300F185E7 /* Debug */ = {
			isa = XCBuildConfiguration;
			buildSettings = {
				ALWAYS_SEARCH_USER_PATHS = NO;
				ASSETCATALOG_COMPILER_GENERATE_SWIFT_ASSET_SYMBOL_EXTENSIONS = YES;
				CLANG_ANALYZER_NONNULL = YES;
				CLANG_ANALYZER_NUMBER_OBJECT_CONVERSION = YES_AGGRESSIVE;
				CLANG_CXX_LANGUAGE_STANDARD = "gnu++20";
				CLANG_ENABLE_MODULES = YES;
				CLANG_ENABLE_OBJC_ARC = YES;
				CLANG_ENABLE_OBJC_WEAK = YES;
				CLANG_WARN_BLOCK_CAPTURE_AUTORELEASING = YES;
				CLANG_WARN_BOOL_CONVERSION = YES;
				CLANG_WARN_COMMA = YES;
				CLANG_WARN_CONSTANT_CONVERSION = YES;
				CLANG_WARN_DEPRECATED_OBJC_IMPLEMENTATIONS = YES;
				CLANG_WARN_DIRECT_OBJC_ISA_USAGE = YES_ERROR;
				CLANG_WARN_DOCUMENTATION_COMMENTS = YES;
				CLANG_WARN_EMPTY_BODY = YES;
				CLANG_WARN_ENUM_CONVERSION = YES;
				CLANG_WARN_INFINITE_RECURSION = YES;
				CLANG_WARN_INT_CONVERSION = YES;
				CLANG_WARN_NON_LITERAL_NULL_CONVERSION = YES;
				CLANG_WARN_OBJC_IMPLICIT_RETAIN_SELF = YES;
				CLANG_WARN_OBJC_LITERAL_CONVERSION = YES;
				CLANG_WARN_OBJC_ROOT_CLASS = YES_ERROR;
				CLANG_WARN_QUOTED_INCLUDE_IN_FRAMEWORK_HEADER = YES;
				CLANG_WARN_RANGE_LOOP_ANALYSIS = YES;
				CLANG_WARN_STRICT_PROTOTYPES = YES;
				CLANG_WARN_SUSPICIOUS_MOVE = YES;
				CLANG_WARN_UNGUARDED_AVAILABILITY = YES_AGGRESSIVE;
				CLANG_WARN_UNREACHABLE_CODE = YES;
				CLANG_WARN__DUPLICATE_METHOD_MATCH = YES;
				COPY_PHASE_STRIP = NO;
				DEBUG_INFORMATION_FORMAT = dwarf;
				ENABLE_STRICT_OBJC_MSGSEND = YES;
				ENABLE_TESTABILITY = YES;
				ENABLE_USER_SCRIPT_SANDBOXING = YES;
				GCC_C_LANGUAGE_STANDARD = gnu17;
				GCC_DYNAMIC_NO_PIC = NO;
				GCC_NO_COMMON_BLOCKS = YES;
				GCC_OPTIMIZATION_LEVEL = 0;
				GCC_PREPROCESSOR_DEFINITIONS = (
					"DEBUG=1",
					"$(inherited)",
				);
				GCC_WARN_64_TO_32_BIT_CONVERSION = YES;
				GCC_WARN_ABOUT_RETURN_TYPE = YES_ERROR;
				GCC_WARN_UNDECLARED_SELECTOR = YES;
				GCC_WARN_UNINITIALIZED_AUTOS = YES_AGGRESSIVE;
				GCC_WARN_UNUSED_FUNCTION = YES;
				GCC_WARN_UNUSED_VARIABLE = YES;
				IPHONEOS_DEPLOYMENT_TARGET = 17.5;
				LOCALIZATION_PREFERS_STRING_CATALOGS = YES;
				MTL_ENABLE_DEBUG_INFO = INCLUDE_SOURCE;
				MTL_FAST_MATH = YES;
				ONLY_ACTIVE_ARCH = YES;
				SDKROOT = iphoneos;
				SWIFT_ACTIVE_COMPILATION_CONDITIONS = "DEBUG $(inherited)";
				SWIFT_OPTIMIZATION_LEVEL = "-Onone";
			};
			name = Debug;
		};
		F5AF27782CACF98300F185E7 /* Release */ = {
			isa = XCBuildConfiguration;
			buildSettings = {
				ALWAYS_SEARCH_USER_PATHS = NO;
				ASSETCATALOG_COMPILER_GENERATE_SWIFT_ASSET_SYMBOL_EXTENSIONS = YES;
				CLANG_ANALYZER_NONNULL = YES;
				CLANG_ANALYZER_NUMBER_OBJECT_CONVERSION = YES_AGGRESSIVE;
				CLANG_CXX_LANGUAGE_STANDARD = "gnu++20";
				CLANG_ENABLE_MODULES = YES;
				CLANG_ENABLE_OBJC_ARC = YES;
				CLANG_ENABLE_OBJC_WEAK = YES;
				CLANG_WARN_BLOCK_CAPTURE_AUTORELEASING = YES;
				CLANG_WARN_BOOL_CONVERSION = YES;
				CLANG_WARN_COMMA = YES;
				CLANG_WARN_CONSTANT_CONVERSION = YES;
				CLANG_WARN_DEPRECATED_OBJC_IMPLEMENTATIONS = YES;
				CLANG_WARN_DIRECT_OBJC_ISA_USAGE = YES_ERROR;
				CLANG_WARN_DOCUMENTATION_COMMENTS = YES;
				CLANG_WARN_EMPTY_BODY = YES;
				CLANG_WARN_ENUM_CONVERSION = YES;
				CLANG_WARN_INFINITE_RECURSION = YES;
				CLANG_WARN_INT_CONVERSION = YES;
				CLANG_WARN_NON_LITERAL_NULL_CONVERSION = YES;
				CLANG_WARN_OBJC_IMPLICIT_RETAIN_SELF = YES;
				CLANG_WARN_OBJC_LITERAL_CONVERSION = YES;
				CLANG_WARN_OBJC_ROOT_CLASS = YES_ERROR;
				CLANG_WARN_QUOTED_INCLUDE_IN_FRAMEWORK_HEADER = YES;
				CLANG_WARN_RANGE_LOOP_ANALYSIS = YES;
				CLANG_WARN_STRICT_PROTOTYPES = YES;
				CLANG_WARN_SUSPICIOUS_MOVE = YES;
				CLANG_WARN_UNGUARDED_AVAILABILITY = YES_AGGRESSIVE;
				CLANG_WARN_UNREACHABLE_CODE = YES;
				CLANG_WARN__DUPLICATE_METHOD_MATCH = YES;
				COPY_PHASE_STRIP = NO;
				DEBUG_INFORMATION_FORMAT = "dwarf-with-dsym";
				ENABLE_NS_ASSERTIONS = NO;
				ENABLE_STRICT_OBJC_MSGSEND = YES;
				ENABLE_USER_SCRIPT_SANDBOXING = YES;
				GCC_C_LANGUAGE_STANDARD = gnu17;
				GCC_NO_COMMON_BLOCKS = YES;
				GCC_WARN_64_TO_32_BIT_CONVERSION = YES;
				GCC_WARN_ABOUT_RETURN_TYPE = YES_ERROR;
				GCC_WARN_UNDECLARED_SELECTOR = YES;
				GCC_WARN_UNINITIALIZED_AUTOS = YES_AGGRESSIVE;
				GCC_WARN_UNUSED_FUNCTION = YES;
				GCC_WARN_UNUSED_VARIABLE = YES;
				IPHONEOS_DEPLOYMENT_TARGET = 17.5;
				LOCALIZATION_PREFERS_STRING_CATALOGS = YES;
				MTL_ENABLE_DEBUG_INFO = NO;
				MTL_FAST_MATH = YES;
				SDKROOT = iphoneos;
				SWIFT_COMPILATION_MODE = wholemodule;
				VALIDATE_PRODUCT = YES;
			};
			name = Release;
		};
		F5AF277A2CACF98300F185E7 /* Debug */ = {
			isa = XCBuildConfiguration;
			buildSettings = {
				ASSETCATALOG_COMPILER_APPICON_NAME = AppIcon;
				ASSETCATALOG_COMPILER_GLOBAL_ACCENT_COLOR_NAME = AccentColor;
				CODE_SIGN_STYLE = Automatic;
				CURRENT_PROJECT_VERSION = 1;
				DEVELOPMENT_ASSET_PATHS = "\"StockViewer/Preview Content\"";
				DEVELOPMENT_TEAM = 9Y64TRM77N;
				ENABLE_PREVIEWS = YES;
				GENERATE_INFOPLIST_FILE = YES;
				INFOPLIST_KEY_UIApplicationSceneManifest_Generation = YES;
				INFOPLIST_KEY_UIApplicationSupportsIndirectInputEvents = YES;
				INFOPLIST_KEY_UILaunchScreen_Generation = YES;
				INFOPLIST_KEY_UISupportedInterfaceOrientations_iPad = "UIInterfaceOrientationPortrait UIInterfaceOrientationPortraitUpsideDown UIInterfaceOrientationLandscapeLeft UIInterfaceOrientationLandscapeRight";
				INFOPLIST_KEY_UISupportedInterfaceOrientations_iPhone = "UIInterfaceOrientationPortrait UIInterfaceOrientationLandscapeLeft UIInterfaceOrientationLandscapeRight";
				LD_RUNPATH_SEARCH_PATHS = (
					"$(inherited)",
					"@executable_path/Frameworks",
				);
				MARKETING_VERSION = 1.0;
				PRODUCT_BUNDLE_IDENTIFIER = com.karthikinformationtechnology.StockViewer;
				PRODUCT_NAME = "$(TARGET_NAME)";
				SWIFT_EMIT_LOC_STRINGS = YES;
				SWIFT_VERSION = 5.0;
				TARGETED_DEVICE_FAMILY = "1,2";
			};
			name = Debug;
		};
		F5AF277B2CACF98300F185E7 /* Release */ = {
			isa = XCBuildConfiguration;
			buildSettings = {
				ASSETCATALOG_COMPILER_APPICON_NAME = AppIcon;
				ASSETCATALOG_COMPILER_GLOBAL_ACCENT_COLOR_NAME = AccentColor;
				CODE_SIGN_STYLE = Automatic;
				CURRENT_PROJECT_VERSION = 1;
				DEVELOPMENT_ASSET_PATHS = "\"StockViewer/Preview Content\"";
				DEVELOPMENT_TEAM = 9Y64TRM77N;
				ENABLE_PREVIEWS = YES;
				GENERATE_INFOPLIST_FILE = YES;
				INFOPLIST_KEY_UIApplicationSceneManifest_Generation = YES;
				INFOPLIST_KEY_UIApplicationSupportsIndirectInputEvents = YES;
				INFOPLIST_KEY_UILaunchScreen_Generation = YES;
				INFOPLIST_KEY_UISupportedInterfaceOrientations_iPad = "UIInterfaceOrientationPortrait UIInterfaceOrientationPortraitUpsideDown UIInterfaceOrientationLandscapeLeft UIInterfaceOrientationLandscapeRight";
				INFOPLIST_KEY_UISupportedInterfaceOrientations_iPhone = "UIInterfaceOrientationPortrait UIInterfaceOrientationLandscapeLeft UIInterfaceOrientationLandscapeRight";
				LD_RUNPATH_SEARCH_PATHS = (
					"$(inherited)",
					"@executable_path/Frameworks",
				);
				MARKETING_VERSION = 1.0;
				PRODUCT_BUNDLE_IDENTIFIER = com.karthikinformationtechnology.StockViewer;
				PRODUCT_NAME = "$(TARGET_NAME)";
				SWIFT_EMIT_LOC_STRINGS = YES;
				SWIFT_VERSION = 5.0;
				TARGETED_DEVICE_FAMILY = "1,2";
			};
			name = Release;
		};
/* End XCBuildConfiguration section */

/* Begin XCConfigurationList section */
		F5AF27662CACF98300F185E7 /* Build configuration list for PBXProject "StockViewer" */ = {
			isa = XCConfigurationList;
			buildConfigurations = (
				F5AF27772CACF98300F185E7 /* Debug */,
				F5AF27782CACF98300F185E7 /* Release */,
			);
			defaultConfigurationIsVisible = 0;
			defaultConfigurationName = Release;
		};
		F5AF27792CACF98300F185E7 /* Build configuration list for PBXNativeTarget "StockViewer" */ = {
			isa = XCConfigurationList;
			buildConfigurations = (
				F5AF277A2CACF98300F185E7 /* Debug */,
				F5AF277B2CACF98300F185E7 /* Release */,
			);
			defaultConfigurationIsVisible = 0;
			defaultConfigurationName = Release;
		};
/* End XCConfigurationList section */
	};
	rootObject = F5AF27632CACF98300F185E7 /* Project object */;
}
